// !$*UTF8*$!
{
	archiveVersion = 1;
	classes = {
	};
	objectVersion = 55;
	objects = {

/* Begin PBXBuildFile section */
		8D4B754527C8331D00C2F125 /* AppDelegate.swift in Sources */ = {isa = PBXBuildFile; fileRef = 8D4B754427C8331D00C2F125 /* AppDelegate.swift */; };
		8D4B754727C8331D00C2F125 /* SceneDelegate.swift in Sources */ = {isa = PBXBuildFile; fileRef = 8D4B754627C8331D00C2F125 /* SceneDelegate.swift */; };
		8D4B754927C8331D00C2F125 /* ViewController.swift in Sources */ = {isa = PBXBuildFile; fileRef = 8D4B754827C8331D00C2F125 /* ViewController.swift */; };
		8D4B754C27C8331D00C2F125 /* Main.storyboard in Resources */ = {isa = PBXBuildFile; fileRef = 8D4B754A27C8331D00C2F125 /* Main.storyboard */; };
		8D4B754E27C8331E00C2F125 /* Assets.xcassets in Resources */ = {isa = PBXBuildFile; fileRef = 8D4B754D27C8331E00C2F125 /* Assets.xcassets */; };
		8D4B755127C8331E00C2F125 /* LaunchScreen.storyboard in Resources */ = {isa = PBXBuildFile; fileRef = 8D4B754F27C8331E00C2F125 /* LaunchScreen.storyboard */; };
		8D4B755C27C8331E00C2F125 /* FlixPart1Tests.swift in Sources */ = {isa = PBXBuildFile; fileRef = 8D4B755B27C8331E00C2F125 /* FlixPart1Tests.swift */; };
		8D4B756627C8331E00C2F125 /* FlixPart1UITests.swift in Sources */ = {isa = PBXBuildFile; fileRef = 8D4B756527C8331E00C2F125 /* FlixPart1UITests.swift */; };
		8D4B756827C8331E00C2F125 /* FlixPart1UITestsLaunchTests.swift in Sources */ = {isa = PBXBuildFile; fileRef = 8D4B756727C8331E00C2F125 /* FlixPart1UITestsLaunchTests.swift */; };
		8D4B757927CA900100C2F125 /* MovieCell.swift in Sources */ = {isa = PBXBuildFile; fileRef = 8D4B757827CA900100C2F125 /* MovieCell.swift */; };
		8D4B757C27CA950900C2F125 /* AlamofireImage in Frameworks */ = {isa = PBXBuildFile; productRef = 8D4B757B27CA950900C2F125 /* AlamofireImage */; };
		8D4B757E27CD865D00C2F125 /* MovieDetailsViewController.swift in Sources */ = {isa = PBXBuildFile; fileRef = 8D4B757D27CD865D00C2F125 /* MovieDetailsViewController.swift */; };
		8D4B758027D13BDF00C2F125 /* MovieGridViewController.swift in Sources */ = {isa = PBXBuildFile; fileRef = 8D4B757F27D13BDF00C2F125 /* MovieGridViewController.swift */; };
		8D4B758227D2DD6800C2F125 /* MovieGridCell.swift in Sources */ = {isa = PBXBuildFile; fileRef = 8D4B758127D2DD6800C2F125 /* MovieGridCell.swift */; };
/* End PBXBuildFile section */

/* Begin PBXContainerItemProxy section */
		8D4B755827C8331E00C2F125 /* PBXContainerItemProxy */ = {
			isa = PBXContainerItemProxy;
			containerPortal = 8D4B753927C8331D00C2F125 /* Project object */;
			proxyType = 1;
			remoteGlobalIDString = 8D4B754027C8331D00C2F125;
			remoteInfo = FlixPart1;
		};
		8D4B756227C8331E00C2F125 /* PBXContainerItemProxy */ = {
			isa = PBXContainerItemProxy;
			containerPortal = 8D4B753927C8331D00C2F125 /* Project object */;
			proxyType = 1;
			remoteGlobalIDString = 8D4B754027C8331D00C2F125;
			remoteInfo = FlixPart1;
		};
/* End PBXContainerItemProxy section */

/* Begin PBXFileReference section */
		8D4B754127C8331D00C2F125 /* FlixPart1.app */ = {isa = PBXFileReference; explicitFileType = wrapper.application; includeInIndex = 0; path = FlixPart1.app; sourceTree = BUILT_PRODUCTS_DIR; };
		8D4B754427C8331D00C2F125 /* AppDelegate.swift */ = {isa = PBXFileReference; lastKnownFileType = sourcecode.swift; path = AppDelegate.swift; sourceTree = "<group>"; };
		8D4B754627C8331D00C2F125 /* SceneDelegate.swift */ = {isa = PBXFileReference; lastKnownFileType = sourcecode.swift; path = SceneDelegate.swift; sourceTree = "<group>"; };
		8D4B754827C8331D00C2F125 /* ViewController.swift */ = {isa = PBXFileReference; lastKnownFileType = sourcecode.swift; path = ViewController.swift; sourceTree = "<group>"; };
		8D4B754B27C8331D00C2F125 /* Base */ = {isa = PBXFileReference; lastKnownFileType = file.storyboard; name = Base; path = Base.lproj/Main.storyboard; sourceTree = "<group>"; };
		8D4B754D27C8331E00C2F125 /* Assets.xcassets */ = {isa = PBXFileReference; lastKnownFileType = folder.assetcatalog; path = Assets.xcassets; sourceTree = "<group>"; };
		8D4B755027C8331E00C2F125 /* Base */ = {isa = PBXFileReference; lastKnownFileType = file.storyboard; name = Base; path = Base.lproj/LaunchScreen.storyboard; sourceTree = "<group>"; };
		8D4B755227C8331E00C2F125 /* Info.plist */ = {isa = PBXFileReference; lastKnownFileType = text.plist.xml; path = Info.plist; sourceTree = "<group>"; };
		8D4B755727C8331E00C2F125 /* FlixPart1Tests.xctest */ = {isa = PBXFileReference; explicitFileType = wrapper.cfbundle; includeInIndex = 0; path = FlixPart1Tests.xctest; sourceTree = BUILT_PRODUCTS_DIR; };
		8D4B755B27C8331E00C2F125 /* FlixPart1Tests.swift */ = {isa = PBXFileReference; lastKnownFileType = sourcecode.swift; path = FlixPart1Tests.swift; sourceTree = "<group>"; };
		8D4B756127C8331E00C2F125 /* FlixPart1UITests.xctest */ = {isa = PBXFileReference; explicitFileType = wrapper.cfbundle; includeInIndex = 0; path = FlixPart1UITests.xctest; sourceTree = BUILT_PRODUCTS_DIR; };
		8D4B756527C8331E00C2F125 /* FlixPart1UITests.swift */ = {isa = PBXFileReference; lastKnownFileType = sourcecode.swift; path = FlixPart1UITests.swift; sourceTree = "<group>"; };
		8D4B756727C8331E00C2F125 /* FlixPart1UITestsLaunchTests.swift */ = {isa = PBXFileReference; lastKnownFileType = sourcecode.swift; path = FlixPart1UITestsLaunchTests.swift; sourceTree = "<group>"; };
		8D4B757827CA900100C2F125 /* MovieCell.swift */ = {isa = PBXFileReference; lastKnownFileType = sourcecode.swift; path = MovieCell.swift; sourceTree = "<group>"; };
		8D4B757D27CD865D00C2F125 /* MovieDetailsViewController.swift */ = {isa = PBXFileReference; lastKnownFileType = sourcecode.swift; path = MovieDetailsViewController.swift; sourceTree = "<group>"; };
		8D4B757F27D13BDF00C2F125 /* MovieGridViewController.swift */ = {isa = PBXFileReference; lastKnownFileType = sourcecode.swift; path = MovieGridViewController.swift; sourceTree = "<group>"; };
		8D4B758127D2DD6800C2F125 /* MovieGridCell.swift */ = {isa = PBXFileReference; lastKnownFileType = sourcecode.swift; path = MovieGridCell.swift; sourceTree = "<group>"; };
/* End PBXFileReference section */

/* Begin PBXFrameworksBuildPhase section */
		8D4B753E27C8331D00C2F125 /* Frameworks */ = {
			isa = PBXFrameworksBuildPhase;
			buildActionMask = 2147483647;
			files = (
				8D4B757C27CA950900C2F125 /* AlamofireImage in Frameworks */,
			);
			runOnlyForDeploymentPostprocessing = 0;
		};
		8D4B755427C8331E00C2F125 /* Frameworks */ = {
			isa = PBXFrameworksBuildPhase;
			buildActionMask = 2147483647;
			files = (
			);
			runOnlyForDeploymentPostprocessing = 0;
		};
		8D4B755E27C8331E00C2F125 /* Frameworks */ = {
			isa = PBXFrameworksBuildPhase;
			buildActionMask = 2147483647;
			files = (
			);
			runOnlyForDeploymentPostprocessing = 0;
		};
/* End PBXFrameworksBuildPhase section */

/* Begin PBXGroup section */
		8D4B753827C8331D00C2F125 = {
			isa = PBXGroup;
			children = (
				8D4B754327C8331D00C2F125 /* FlixPart1 */,
				8D4B755A27C8331E00C2F125 /* FlixPart1Tests */,
				8D4B756427C8331E00C2F125 /* FlixPart1UITests */,
				8D4B754227C8331D00C2F125 /* Products */,
			);
			sourceTree = "<group>";
		};
		8D4B754227C8331D00C2F125 /* Products */ = {
			isa = PBXGroup;
			children = (
				8D4B754127C8331D00C2F125 /* FlixPart1.app */,
				8D4B755727C8331E00C2F125 /* FlixPart1Tests.xctest */,
				8D4B756127C8331E00C2F125 /* FlixPart1UITests.xctest */,
			);
			name = Products;
			sourceTree = "<group>";
		};
		8D4B754327C8331D00C2F125 /* FlixPart1 */ = {
			isa = PBXGroup;
			children = (
				8D4B754427C8331D00C2F125 /* AppDelegate.swift */,
				8D4B754627C8331D00C2F125 /* SceneDelegate.swift */,
				8D4B754827C8331D00C2F125 /* ViewController.swift */,
				8D4B754A27C8331D00C2F125 /* Main.storyboard */,
				8D4B754D27C8331E00C2F125 /* Assets.xcassets */,
				8D4B754F27C8331E00C2F125 /* LaunchScreen.storyboard */,
				8D4B755227C8331E00C2F125 /* Info.plist */,
				8D4B757827CA900100C2F125 /* MovieCell.swift */,
				8D4B757D27CD865D00C2F125 /* MovieDetailsViewController.swift */,
				8D4B757F27D13BDF00C2F125 /* MovieGridViewController.swift */,
				8D4B758127D2DD6800C2F125 /* MovieGridCell.swift */,
			);
			path = FlixPart1;
			sourceTree = "<group>";
		};
		8D4B755A27C8331E00C2F125 /* FlixPart1Tests */ = {
			isa = PBXGroup;
			children = (
				8D4B755B27C8331E00C2F125 /* FlixPart1Tests.swift */,
			);
			path = FlixPart1Tests;
			sourceTree = "<group>";
		};
		8D4B756427C8331E00C2F125 /* FlixPart1UITests */ = {
			isa = PBXGroup;
			children = (
				8D4B756527C8331E00C2F125 /* FlixPart1UITests.swift */,
				8D4B756727C8331E00C2F125 /* FlixPart1UITestsLaunchTests.swift */,
			);
			path = FlixPart1UITests;
			sourceTree = "<group>";
		};
/* End PBXGroup section */

/* Begin PBXNativeTarget section */
		8D4B754027C8331D00C2F125 /* FlixPart1 */ = {
			isa = PBXNativeTarget;
			buildConfigurationList = 8D4B756B27C8331E00C2F125 /* Build configuration list for PBXNativeTarget "FlixPart1" */;
			buildPhases = (
				8D4B753D27C8331D00C2F125 /* Sources */,
				8D4B753E27C8331D00C2F125 /* Frameworks */,
				8D4B753F27C8331D00C2F125 /* Resources */,
			);
			buildRules = (
			);
			dependencies = (
			);
			name = FlixPart1;
			packageProductDependencies = (
				8D4B757B27CA950900C2F125 /* AlamofireImage */,
			);
			productName = FlixPart1;
			productReference = 8D4B754127C8331D00C2F125 /* FlixPart1.app */;
			productType = "com.apple.product-type.application";
		};
		8D4B755627C8331E00C2F125 /* FlixPart1Tests */ = {
			isa = PBXNativeTarget;
			buildConfigurationList = 8D4B756E27C8331E00C2F125 /* Build configuration list for PBXNativeTarget "FlixPart1Tests" */;
			buildPhases = (
				8D4B755327C8331E00C2F125 /* Sources */,
				8D4B755427C8331E00C2F125 /* Frameworks */,
				8D4B755527C8331E00C2F125 /* Resources */,
			);
			buildRules = (
			);
			dependencies = (
				8D4B755927C8331E00C2F125 /* PBXTargetDependency */,
			);
			name = FlixPart1Tests;
			productName = FlixPart1Tests;
			productReference = 8D4B755727C8331E00C2F125 /* FlixPart1Tests.xctest */;
			productType = "com.apple.product-type.bundle.unit-test";
		};
		8D4B756027C8331E00C2F125 /* FlixPart1UITests */ = {
			isa = PBXNativeTarget;
			buildConfigurationList = 8D4B757127C8331E00C2F125 /* Build configuration list for PBXNativeTarget "FlixPart1UITests" */;
			buildPhases = (
				8D4B755D27C8331E00C2F125 /* Sources */,
				8D4B755E27C8331E00C2F125 /* Frameworks */,
				8D4B755F27C8331E00C2F125 /* Resources */,
			);
			buildRules = (
			);
			dependencies = (
				8D4B756327C8331E00C2F125 /* PBXTargetDependency */,
			);
			name = FlixPart1UITests;
			productName = FlixPart1UITests;
			productReference = 8D4B756127C8331E00C2F125 /* FlixPart1UITests.xctest */;
			productType = "com.apple.product-type.bundle.ui-testing";
		};
/* End PBXNativeTarget section */

/* Begin PBXProject section */
		8D4B753927C8331D00C2F125 /* Project object */ = {
			isa = PBXProject;
			attributes = {
				BuildIndependentTargetsInParallel = 1;
				LastSwiftUpdateCheck = 1320;
				LastUpgradeCheck = 1320;
				TargetAttributes = {
					8D4B754027C8331D00C2F125 = {
						CreatedOnToolsVersion = 13.2.1;
					};
					8D4B755627C8331E00C2F125 = {
						CreatedOnToolsVersion = 13.2.1;
						TestTargetID = 8D4B754027C8331D00C2F125;
					};
					8D4B756027C8331E00C2F125 = {
						CreatedOnToolsVersion = 13.2.1;
						TestTargetID = 8D4B754027C8331D00C2F125;
					};
				};
			};
			buildConfigurationList = 8D4B753C27C8331D00C2F125 /* Build configuration list for PBXProject "FlixPart1" */;
			compatibilityVersion = "Xcode 13.0";
			developmentRegion = en;
			hasScannedForEncodings = 0;
			knownRegions = (
				en,
				Base,
			);
			mainGroup = 8D4B753827C8331D00C2F125;
			packageReferences = (
				8D4B757A27CA950900C2F125 /* XCRemoteSwiftPackageReference "AlamofireImage" */,
			);
			productRefGroup = 8D4B754227C8331D00C2F125 /* Products */;
			projectDirPath = "";
			projectRoot = "";
			targets = (
				8D4B754027C8331D00C2F125 /* FlixPart1 */,
				8D4B755627C8331E00C2F125 /* FlixPart1Tests */,
				8D4B756027C8331E00C2F125 /* FlixPart1UITests */,
			);
		};
/* End PBXProject section */

/* Begin PBXResourcesBuildPhase section */
		8D4B753F27C8331D00C2F125 /* Resources */ = {
			isa = PBXResourcesBuildPhase;
			buildActionMask = 2147483647;
			files = (
				8D4B755127C8331E00C2F125 /* LaunchScreen.storyboard in Resources */,
				8D4B754E27C8331E00C2F125 /* Assets.xcassets in Resources */,
				8D4B754C27C8331D00C2F125 /* Main.storyboard in Resources */,
			);
			runOnlyForDeploymentPostprocessing = 0;
		};
		8D4B755527C8331E00C2F125 /* Resources */ = {
			isa = PBXResourcesBuildPhase;
			buildActionMask = 2147483647;
			files = (
			);
			runOnlyForDeploymentPostprocessing = 0;
		};
		8D4B755F27C8331E00C2F125 /* Resources */ = {
			isa = PBXResourcesBuildPhase;
			buildActionMask = 2147483647;
			files = (
			);
			runOnlyForDeploymentPostprocessing = 0;
		};
/* End PBXResourcesBuildPhase section */

/* Begin PBXSourcesBuildPhase section */
		8D4B753D27C8331D00C2F125 /* Sources */ = {
			isa = PBXSourcesBuildPhase;
			buildActionMask = 2147483647;
			files = (
				8D4B757E27CD865D00C2F125 /* MovieDetailsViewController.swift in Sources */,
				8D4B754927C8331D00C2F125 /* ViewController.swift in Sources */,
				8D4B754527C8331D00C2F125 /* AppDelegate.swift in Sources */,
				8D4B754727C8331D00C2F125 /* SceneDelegate.swift in Sources */,
				8D4B757927CA900100C2F125 /* MovieCell.swift in Sources */,
				8D4B758027D13BDF00C2F125 /* MovieGridViewController.swift in Sources */,
				8D4B758227D2DD6800C2F125 /* MovieGridCell.swift in Sources */,
			);
			runOnlyForDeploymentPostprocessing = 0;
		};
		8D4B755327C8331E00C2F125 /* Sources */ = {
			isa = PBXSourcesBuildPhase;
			buildActionMask = 2147483647;
			files = (
				8D4B755C27C8331E00C2F125 /* FlixPart1Tests.swift in Sources */,
			);
			runOnlyForDeploymentPostprocessing = 0;
		};
		8D4B755D27C8331E00C2F125 /* Sources */ = {
			isa = PBXSourcesBuildPhase;
			buildActionMask = 2147483647;
			files = (
				8D4B756827C8331E00C2F125 /* FlixPart1UITestsLaunchTests.swift in Sources */,
				8D4B756627C8331E00C2F125 /* FlixPart1UITests.swift in Sources */,
			);
			runOnlyForDeploymentPostprocessing = 0;
		};
/* End PBXSourcesBuildPhase section */

/* Begin PBXTargetDependency section */
		8D4B755927C8331E00C2F125 /* PBXTargetDependency */ = {
			isa = PBXTargetDependency;
			target = 8D4B754027C8331D00C2F125 /* FlixPart1 */;
			targetProxy = 8D4B755827C8331E00C2F125 /* PBXContainerItemProxy */;
		};
		8D4B756327C8331E00C2F125 /* PBXTargetDependency */ = {
			isa = PBXTargetDependency;
			target = 8D4B754027C8331D00C2F125 /* FlixPart1 */;
			targetProxy = 8D4B756227C8331E00C2F125 /* PBXContainerItemProxy */;
		};
/* End PBXTargetDependency section */

/* Begin PBXVariantGroup section */
		8D4B754A27C8331D00C2F125 /* Main.storyboard */ = {
			isa = PBXVariantGroup;
			children = (
				8D4B754B27C8331D00C2F125 /* Base */,
			);
			name = Main.storyboard;
			sourceTree = "<group>";
		};
		8D4B754F27C8331E00C2F125 /* LaunchScreen.storyboard */ = {
			isa = PBXVariantGroup;
			children = (
				8D4B755027C8331E00C2F125 /* Base */,
			);
			name = LaunchScreen.storyboard;
			sourceTree = "<group>";
		};
/* End PBXVariantGroup section */

/* Begin XCBuildConfiguration section */
		8D4B756927C8331E00C2F125 /* Debug */ = {
			isa = XCBuildConfiguration;
			buildSettings = {
				ALWAYS_SEARCH_USER_PATHS = NO;
				CLANG_ANALYZER_NONNULL = YES;
				CLANG_ANALYZER_NUMBER_OBJECT_CONVERSION = YES_AGGRESSIVE;
				CLANG_CXX_LANGUAGE_STANDARD = "gnu++17";
				CLANG_CXX_LIBRARY = "libc++";
				CLANG_ENABLE_MODULES = YES;
				CLANG_ENABLE_OBJC_ARC = YES;
				CLANG_ENABLE_OBJC_WEAK = YES;
				CLANG_WARN_BLOCK_CAPTURE_AUTORELEASING = YES;
				CLANG_WARN_BOOL_CONVERSION = YES;
				CLANG_WARN_COMMA = YES;
				CLANG_WARN_CONSTANT_CONVERSION = YES;
				CLANG_WARN_DEPRECATED_OBJC_IMPLEMENTATIONS = YES;
				CLANG_WARN_DIRECT_OBJC_ISA_USAGE = YES_ERROR;
				CLANG_WARN_DOCUMENTATION_COMMENTS = YES;
				CLANG_WARN_EMPTY_BODY = YES;
				CLANG_WARN_ENUM_CONVERSION = YES;
				CLANG_WARN_INFINITE_RECURSION = YES;
				CLANG_WARN_INT_CONVERSION = YES;
				CLANG_WARN_NON_LITERAL_NULL_CONVERSION = YES;
				CLANG_WARN_OBJC_IMPLICIT_RETAIN_SELF = YES;
				CLANG_WARN_OBJC_LITERAL_CONVERSION = YES;
				CLANG_WARN_OBJC_ROOT_CLASS = YES_ERROR;
				CLANG_WARN_QUOTED_INCLUDE_IN_FRAMEWORK_HEADER = YES;
				CLANG_WARN_RANGE_LOOP_ANALYSIS = YES;
				CLANG_WARN_STRICT_PROTOTYPES = YES;
				CLANG_WARN_SUSPICIOUS_MOVE = YES;
				CLANG_WARN_UNGUARDED_AVAILABILITY = YES_AGGRESSIVE;
				CLANG_WARN_UNREACHABLE_CODE = YES;
				CLANG_WARN__DUPLICATE_METHOD_MATCH = YES;
				COPY_PHASE_STRIP = NO;
				DEBUG_INFORMATION_FORMAT = dwarf;
				ENABLE_STRICT_OBJC_MSGSEND = YES;
				ENABLE_TESTABILITY = YES;
				GCC_C_LANGUAGE_STANDARD = gnu11;
				GCC_DYNAMIC_NO_PIC = NO;
				GCC_NO_COMMON_BLOCKS = YES;
				GCC_OPTIMIZATION_LEVEL = 0;
				GCC_PREPROCESSOR_DEFINITIONS = (
					"DEBUG=1",
					"$(inherited)",
				);
				GCC_WARN_64_TO_32_BIT_CONVERSION = YES;
				GCC_WARN_ABOUT_RETURN_TYPE = YES_ERROR;
				GCC_WARN_UNDECLARED_SELECTOR = YES;
				GCC_WARN_UNINITIALIZED_AUTOS = YES_AGGRESSIVE;
				GCC_WARN_UNUSED_FUNCTION = YES;
				GCC_WARN_UNUSED_VARIABLE = YES;
				IPHONEOS_DEPLOYMENT_TARGET = 15.2;
				MTL_ENABLE_DEBUG_INFO = INCLUDE_SOURCE;
				MTL_FAST_MATH = YES;
				ONLY_ACTIVE_ARCH = YES;
				SDKROOT = iphoneos;
				SWIFT_ACTIVE_COMPILATION_CONDITIONS = DEBUG;
				SWIFT_OPTIMIZATION_LEVEL = "-Onone";
			};
			name = Debug;
		};
		8D4B756A27C8331E00C2F125 /* Release */ = {
			isa = XCBuildConfiguration;
			buildSettings = {
				ALWAYS_SEARCH_USER_PATHS = NO;
				CLANG_ANALYZER_NONNULL = YES;
				CLANG_ANALYZER_NUMBER_OBJECT_CONVERSION = YES_AGGRESSIVE;
				CLANG_CXX_LANGUAGE_STANDARD = "gnu++17";
				CLANG_CXX_LIBRARY = "libc++";
				CLANG_ENABLE_MODULES = YES;
				CLANG_ENABLE_OBJC_ARC = YES;
				CLANG_ENABLE_OBJC_WEAK = YES;
				CLANG_WARN_BLOCK_CAPTURE_AUTORELEASING = YES;
				CLANG_WARN_BOOL_CONVERSION = YES;
				CLANG_WARN_COMMA = YES;
				CLANG_WARN_CONSTANT_CONVERSION = YES;
				CLANG_WARN_DEPRECATED_OBJC_IMPLEMENTATIONS = YES;
				CLANG_WARN_DIRECT_OBJC_ISA_USAGE = YES_ERROR;
				CLANG_WARN_DOCUMENTATION_COMMENTS = YES;
				CLANG_WARN_EMPTY_BODY = YES;
				CLANG_WARN_ENUM_CONVERSION = YES;
				CLANG_WARN_INFINITE_RECURSION = YES;
				CLANG_WARN_INT_CONVERSION = YES;
				CLANG_WARN_NON_LITERAL_NULL_CONVERSION = YES;
				CLANG_WARN_OBJC_IMPLICIT_RETAIN_SELF = YES;
				CLANG_WARN_OBJC_LITERAL_CONVERSION = YES;
				CLANG_WARN_OBJC_ROOT_CLASS = YES_ERROR;
				CLANG_WARN_QUOTED_INCLUDE_IN_FRAMEWORK_HEADER = YES;
				CLANG_WARN_RANGE_LOOP_ANALYSIS = YES;
				CLANG_WARN_STRICT_PROTOTYPES = YES;
				CLANG_WARN_SUSPICIOUS_MOVE = YES;
				CLANG_WARN_UNGUARDED_AVAILABILITY = YES_AGGRESSIVE;
				CLANG_WARN_UNREACHABLE_CODE = YES;
				CLANG_WARN__DUPLICATE_METHOD_MATCH = YES;
				COPY_PHASE_STRIP = NO;
				DEBUG_INFORMATION_FORMAT = "dwarf-with-dsym";
				ENABLE_NS_ASSERTIONS = NO;
				ENABLE_STRICT_OBJC_MSGSEND = YES;
				GCC_C_LANGUAGE_STANDARD = gnu11;
				GCC_NO_COMMON_BLOCKS = YES;
				GCC_WARN_64_TO_32_BIT_CONVERSION = YES;
				GCC_WARN_ABOUT_RETURN_TYPE = YES_ERROR;
				GCC_WARN_UNDECLARED_SELECTOR = YES;
				GCC_WARN_UNINITIALIZED_AUTOS = YES_AGGRESSIVE;
				GCC_WARN_UNUSED_FUNCTION = YES;
				GCC_WARN_UNUSED_VARIABLE = YES;
				IPHONEOS_DEPLOYMENT_TARGET = 15.2;
				MTL_ENABLE_DEBUG_INFO = NO;
				MTL_FAST_MATH = YES;
				SDKROOT = iphoneos;
				SWIFT_COMPILATION_MODE = wholemodule;
				SWIFT_OPTIMIZATION_LEVEL = "-O";
				VALIDATE_PRODUCT = YES;
			};
			name = Release;
		};
		8D4B756C27C8331E00C2F125 /* Debug */ = {
			isa = XCBuildConfiguration;
			buildSettings = {
				ASSETCATALOG_COMPILER_APPICON_NAME = AppIcon;
				ASSETCATALOG_COMPILER_GLOBAL_ACCENT_COLOR_NAME = AccentColor;
				CODE_SIGN_STYLE = Automatic;
				CURRENT_PROJECT_VERSION = 1;
				GENERATE_INFOPLIST_FILE = YES;
				INFOPLIST_FILE = FlixPart1/Info.plist;
				INFOPLIST_KEY_UIApplicationSupportsIndirectInputEvents = YES;
				INFOPLIST_KEY_UILaunchStoryboardName = LaunchScreen;
				INFOPLIST_KEY_UIMainStoryboardFile = Main;
				INFOPLIST_KEY_UISupportedInterfaceOrientations_iPad = "UIInterfaceOrientationPortrait UIInterfaceOrientationPortraitUpsideDown UIInterfaceOrientationLandscapeLeft UIInterfaceOrientationLandscapeRight";
				INFOPLIST_KEY_UISupportedInterfaceOrientations_iPhone = "UIInterfaceOrientationPortrait UIInterfaceOrientationLandscapeLeft UIInterfaceOrientationLandscapeRight";
				LD_RUNPATH_SEARCH_PATHS = (
					"$(inherited)",
					"@executable_path/Frameworks",
				);
				MARKETING_VERSION = 1.0;
				PRODUCT_BUNDLE_IDENTIFIER = com.CodePath.homework.FlixPart1;
				PRODUCT_NAME = "$(TARGET_NAME)";
				SWIFT_EMIT_LOC_STRINGS = YES;
				SWIFT_VERSION = 5.0;
				TARGETED_DEVICE_FAMILY = "1,2";
			};
			name = Debug;
		};
		8D4B756D27C8331E00C2F125 /* Release */ = {
			isa = XCBuildConfiguration;
			buildSettings = {
				ASSETCATALOG_COMPILER_APPICON_NAME = AppIcon;
				ASSETCATALOG_COMPILER_GLOBAL_ACCENT_COLOR_NAME = AccentColor;
				CODE_SIGN_STYLE = Automatic;
				CURRENT_PROJECT_VERSION = 1;
				GENERATE_INFOPLIST_FILE = YES;
				INFOPLIST_FILE = FlixPart1/Info.plist;
				INFOPLIST_KEY_UIApplicationSupportsIndirectInputEvents = YES;
				INFOPLIST_KEY_UILaunchStoryboardName = LaunchScreen;
				INFOPLIST_KEY_UIMainStoryboardFile = Main;
				INFOPLIST_KEY_UISupportedInterfaceOrientations_iPad = "UIInterfaceOrientationPortrait UIInterfaceOrientationPortraitUpsideDown UIInterfaceOrientationLandscapeLeft UIInterfaceOrientationLandscapeRight";
				INFOPLIST_KEY_UISupportedInterfaceOrientations_iPhone = "UIInterfaceOrientationPortrait UIInterfaceOrientationLandscapeLeft UIInterfaceOrientationLandscapeRight";
				LD_RUNPATH_SEARCH_PATHS = (
					"$(inherited)",
					"@executable_path/Frameworks",
				);
				MARKETING_VERSION = 1.0;
				PRODUCT_BUNDLE_IDENTIFIER = com.CodePath.homework.FlixPart1;
				PRODUCT_NAME = "$(TARGET_NAME)";
				SWIFT_EMIT_LOC_STRINGS = YES;
				SWIFT_VERSION = 5.0;
				TARGETED_DEVICE_FAMILY = "1,2";
			};
			name = Release;
		};
		8D4B756F27C8331E00C2F125 /* Debug */ = {
			isa = XCBuildConfiguration;
			buildSettings = {
				ALWAYS_EMBED_SWIFT_STANDARD_LIBRARIES = YES;
				BUNDLE_LOADER = "$(TEST_HOST)";
				CODE_SIGN_STYLE = Automatic;
				CURRENT_PROJECT_VERSION = 1;
				GENERATE_INFOPLIST_FILE = YES;
				IPHONEOS_DEPLOYMENT_TARGET = 15.2;
				MARKETING_VERSION = 1.0;
				PRODUCT_BUNDLE_IDENTIFIER = com.CodePath.homework.FlixPart1Tests;
				PRODUCT_NAME = "$(TARGET_NAME)";
				SWIFT_EMIT_LOC_STRINGS = NO;
				SWIFT_VERSION = 5.0;
				TARGETED_DEVICE_FAMILY = "1,2";
				TEST_HOST = "$(BUILT_PRODUCTS_DIR)/FlixPart1.app/FlixPart1";
			};
			name = Debug;
		};
		8D4B757027C8331E00C2F125 /* Release */ = {
			isa = XCBuildConfiguration;
			buildSettings = {
				ALWAYS_EMBED_SWIFT_STANDARD_LIBRARIES = YES;
				BUNDLE_LOADER = "$(TEST_HOST)";
				CODE_SIGN_STYLE = Automatic;
				CURRENT_PROJECT_VERSION = 1;
				GENERATE_INFOPLIST_FILE = YES;
				IPHONEOS_DEPLOYMENT_TARGET = 15.2;
				MARKETING_VERSION = 1.0;
				PRODUCT_BUNDLE_IDENTIFIER = com.CodePath.homework.FlixPart1Tests;
				PRODUCT_NAME = "$(TARGET_NAME)";
				SWIFT_EMIT_LOC_STRINGS = NO;
				SWIFT_VERSION = 5.0;
				TARGETED_DEVICE_FAMILY = "1,2";
				TEST_HOST = "$(BUILT_PRODUCTS_DIR)/FlixPart1.app/FlixPart1";
			};
			name = Release;
		};
		8D4B757227C8331E00C2F125 /* Debug */ = {
			isa = XCBuildConfiguration;
			buildSettings = {
				ALWAYS_EMBED_SWIFT_STANDARD_LIBRARIES = YES;
				CODE_SIGN_STYLE = Automatic;
				CURRENT_PROJECT_VERSION = 1;
				GENERATE_INFOPLIST_FILE = YES;
				MARKETING_VERSION = 1.0;
				PRODUCT_BUNDLE_IDENTIFIER = com.CodePath.homework.FlixPart1UITests;
				PRODUCT_NAME = "$(TARGET_NAME)";
				SWIFT_EMIT_LOC_STRINGS = NO;
				SWIFT_VERSION = 5.0;
				TARGETED_DEVICE_FAMILY = "1,2";
				TEST_TARGET_NAME = FlixPart1;
			};
			name = Debug;
		};
		8D4B757327C8331E00C2F125 /* Release */ = {
			isa = XCBuildConfiguration;
			buildSettings = {
				ALWAYS_EMBED_SWIFT_STANDARD_LIBRARIES = YES;
				CODE_SIGN_STYLE = Automatic;
				CURRENT_PROJECT_VERSION = 1;
				GENERATE_INFOPLIST_FILE = YES;
				MARKETING_VERSION = 1.0;
				PRODUCT_BUNDLE_IDENTIFIER = com.CodePath.homework.FlixPart1UITests;
				PRODUCT_NAME = "$(TARGET_NAME)";
				SWIFT_EMIT_LOC_STRINGS = NO;
				SWIFT_VERSION = 5.0;
				TARGETED_DEVICE_FAMILY = "1,2";
				TEST_TARGET_NAME = FlixPart1;
			};
			name = Release;
		};
/* End XCBuildConfiguration section */

/* Begin XCConfigurationList section */
		8D4B753C27C8331D00C2F125 /* Build configuration list for PBXProject "FlixPart1" */ = {
			isa = XCConfigurationList;
			buildConfigurations = (
				8D4B756927C8331E00C2F125 /* Debug */,
				8D4B756A27C8331E00C2F125 /* Release */,
			);
			defaultConfigurationIsVisible = 0;
			defaultConfigurationName = Release;
		};
		8D4B756B27C8331E00C2F125 /* Build configuration list for PBXNativeTarget "FlixPart1" */ = {
			isa = XCConfigurationList;
			buildConfigurations = (
				8D4B756C27C8331E00C2F125 /* Debug */,
				8D4B756D27C8331E00C2F125 /* Release */,
			);
			defaultConfigurationIsVisible = 0;
			defaultConfigurationName = Release;
		};
		8D4B756E27C8331E00C2F125 /* Build configuration list for PBXNativeTarget "FlixPart1Tests" */ = {
			isa = XCConfigurationList;
			buildConfigurations = (
				8D4B756F27C8331E00C2F125 /* Debug */,
				8D4B757027C8331E00C2F125 /* Release */,
			);
			defaultConfigurationIsVisible = 0;
			defaultConfigurationName = Release;
		};
		8D4B757127C8331E00C2F125 /* Build configuration list for PBXNativeTarget "FlixPart1UITests" */ = {
			isa = XCConfigurationList;
			buildConfigurations = (
				8D4B757227C8331E00C2F125 /* Debug */,
				8D4B757327C8331E00C2F125 /* Release */,
			);
			defaultConfigurationIsVisible = 0;
			defaultConfigurationName = Release;
		};
/* End XCConfigurationList section */

/* Begin XCRemoteSwiftPackageReference section */
		8D4B757A27CA950900C2F125 /* XCRemoteSwiftPackageReference "AlamofireImage" */ = {
			isa = XCRemoteSwiftPackageReference;
			repositoryURL = "https://github.com/Alamofire/AlamofireImage";
			requirement = {
				kind = upToNextMajorVersion;
				minimumVersion = 4.0.0;
			};
		};
/* End XCRemoteSwiftPackageReference section */

/* Begin XCSwiftPackageProductDependency section */
		8D4B757B27CA950900C2F125 /* AlamofireImage */ = {
			isa = XCSwiftPackageProductDependency;
			package = 8D4B757A27CA950900C2F125 /* XCRemoteSwiftPackageReference "AlamofireImage" */;
			productName = AlamofireImage;
		};
/* End XCSwiftPackageProductDependency section */
	};
	rootObject = 8D4B753927C8331D00C2F125 /* Project object */;
}
